// !$*UTF8*$!
{
	archiveVersion = 1;
	classes = {
	};
	objectVersion = 56;
	objects = {

/* Begin PBXBuildFile section */
		2DCD4BFD2BA7AA55009A5521 /* AppTabBarController.swift in Sources */ = {isa = PBXBuildFile; fileRef = 2DCD4BFC2BA7AA55009A5521 /* AppTabBarController.swift */; };
		2DCD4C002BA7B116009A5521 /* UIColor+hex.swift in Sources */ = {isa = PBXBuildFile; fileRef = 2DCD4BFF2BA7B116009A5521 /* UIColor+hex.swift */; };
		2DCD4C042BA7B9AD009A5521 /* UIImage+resized.swift in Sources */ = {isa = PBXBuildFile; fileRef = 2DCD4C032BA7B9AD009A5521 /* UIImage+resized.swift */; };
		2DCD4C072BA7BAD1009A5521 /* AppTabBarItem.swift in Sources */ = {isa = PBXBuildFile; fileRef = 2DCD4C062BA7BAD1009A5521 /* AppTabBarItem.swift */; };
		EC2D28672BBCA774005EDB10 /* EventCardViewController.swift in Sources */ = {isa = PBXBuildFile; fileRef = EC2D28662BBCA774005EDB10 /* EventCardViewController.swift */; };
		EC3101832BA845BC00EC55D2 /* SearchViewController.swift in Sources */ = {isa = PBXBuildFile; fileRef = EC3101822BA845BC00EC55D2 /* SearchViewController.swift */; };
		EC3101852BA8542D00EC55D2 /* CategoriesCollectionViewCell.swift in Sources */ = {isa = PBXBuildFile; fileRef = EC3101842BA8542D00EC55D2 /* CategoriesCollectionViewCell.swift */; };
		EC4138512BDC4B05000B0301 /* EventCell.swift in Sources */ = {isa = PBXBuildFile; fileRef = EC4138502BDC4B05000B0301 /* EventCell.swift */; };
		EC43D6DD2BDE610100DADD35 /* NoEventsCell.swift in Sources */ = {isa = PBXBuildFile; fileRef = EC43D6DC2BDE610100DADD35 /* NoEventsCell.swift */; };
		EC5A9AD62BC1F7000028AB03 /* DetailModel.swift in Sources */ = {isa = PBXBuildFile; fileRef = EC5A9AD52BC1F7000028AB03 /* DetailModel.swift */; };
		EC5B29932BC13E50006BACF7 /* UINavigationBar+CustomBottomLine.swift in Sources */ = {isa = PBXBuildFile; fileRef = EC5B29922BC13E50006BACF7 /* UINavigationBar+CustomBottomLine.swift */; };
		EC859D0A2BB0CDD6003FDF5C /* FirebaseAuth in Frameworks */ = {isa = PBXBuildFile; productRef = EC859D092BB0CDD6003FDF5C /* FirebaseAuth */; };
		EC859D0C2BB0CDD6003FDF5C /* FirebaseAuthCombine-Community in Frameworks */ = {isa = PBXBuildFile; productRef = EC859D0B2BB0CDD6003FDF5C /* FirebaseAuthCombine-Community */; };
		EC859D0E2BB0CDD6003FDF5C /* FirebaseFirestore in Frameworks */ = {isa = PBXBuildFile; productRef = EC859D0D2BB0CDD6003FDF5C /* FirebaseFirestore */; };
		EC859D102BB0CDD6003FDF5C /* FirebaseFirestoreCombine-Community in Frameworks */ = {isa = PBXBuildFile; productRef = EC859D0F2BB0CDD6003FDF5C /* FirebaseFirestoreCombine-Community */; };
		EC859D122BB0CDD6003FDF5C /* FirebaseFunctions in Frameworks */ = {isa = PBXBuildFile; productRef = EC859D112BB0CDD6003FDF5C /* FirebaseFunctions */; };
		EC859D142BB0CDD6003FDF5C /* FirebaseFunctionsCombine-Community in Frameworks */ = {isa = PBXBuildFile; productRef = EC859D132BB0CDD6003FDF5C /* FirebaseFunctionsCombine-Community */; };
		EC93D2872BB15AFD00633AA0 /* AuthService.swift in Sources */ = {isa = PBXBuildFile; fileRef = EC93D2862BB15AFD00633AA0 /* AuthService.swift */; };
		EC93D28A2BB15C1500633AA0 /* UserModel.swift in Sources */ = {isa = PBXBuildFile; fileRef = EC93D2892BB15C1500633AA0 /* UserModel.swift */; };
		ECA12F072BAC9E9900720D1A /* ResetPasswordViewController.swift in Sources */ = {isa = PBXBuildFile; fileRef = ECA12F042BAC9E9900720D1A /* ResetPasswordViewController.swift */; };
		ECA12F082BAC9E9900720D1A /* SignUpViewController.swift in Sources */ = {isa = PBXBuildFile; fileRef = ECA12F052BAC9E9900720D1A /* SignUpViewController.swift */; };
		ECA12F092BAC9E9900720D1A /* LogInViewController.swift in Sources */ = {isa = PBXBuildFile; fileRef = ECA12F062BAC9E9900720D1A /* LogInViewController.swift */; };
		ECACC3CF2BDC2862004D1EEC /* MyActivitiesViewController.swift in Sources */ = {isa = PBXBuildFile; fileRef = ECACC3CE2BDC2862004D1EEC /* MyActivitiesViewController.swift */; };
		ECAEE1B12BC430CE00027EEC /* DetailsItemCell.swift in Sources */ = {isa = PBXBuildFile; fileRef = ECAEE1B02BC430CE00027EEC /* DetailsItemCell.swift */; };
		ECB3223B2BDD88DF006445AB /* RecommendationCell.swift in Sources */ = {isa = PBXBuildFile; fileRef = ECB3223A2BDD88DF006445AB /* RecommendationCell.swift */; };
		ECB3223E2BDD9557006445AB /* HeaderSupplementaryView.swift in Sources */ = {isa = PBXBuildFile; fileRef = ECB3223D2BDD9557006445AB /* HeaderSupplementaryView.swift */; };
		ECB322412BDD999D006445AB /* ListItem.swift in Sources */ = {isa = PBXBuildFile; fileRef = ECB322402BDD999D006445AB /* ListItem.swift */; };
		ECB322432BDD99D7006445AB /* ListSection.swift in Sources */ = {isa = PBXBuildFile; fileRef = ECB322422BDD99D7006445AB /* ListSection.swift */; };
		ECB322452BDD9A2F006445AB /* MockData.swift in Sources */ = {isa = PBXBuildFile; fileRef = ECB322442BDD9A2F006445AB /* MockData.swift */; };
		ECB94FF52BA248E8004550F7 /* AppDelegate.swift in Sources */ = {isa = PBXBuildFile; fileRef = ECB94FF42BA248E8004550F7 /* AppDelegate.swift */; };
		ECB94FF72BA248E8004550F7 /* SceneDelegate.swift in Sources */ = {isa = PBXBuildFile; fileRef = ECB94FF62BA248E8004550F7 /* SceneDelegate.swift */; };
		ECB94FF92BA248E8004550F7 /* ViewController.swift in Sources */ = {isa = PBXBuildFile; fileRef = ECB94FF82BA248E8004550F7 /* ViewController.swift */; };
		ECB94FFF2BA248E8004550F7 /* EventifyApp.xcdatamodeld in Sources */ = {isa = PBXBuildFile; fileRef = ECB94FFD2BA248E8004550F7 /* EventifyApp.xcdatamodeld */; };
		ECB950012BA248E9004550F7 /* Assets.xcassets in Resources */ = {isa = PBXBuildFile; fileRef = ECB950002BA248E9004550F7 /* Assets.xcassets */; };
		ECB950042BA248E9004550F7 /* Base in Resources */ = {isa = PBXBuildFile; fileRef = ECB950032BA248E9004550F7 /* Base */; };
		ECB9500D2BA24A56004550F7 /* SnapKit in Frameworks */ = {isa = PBXBuildFile; productRef = ECB9500C2BA24A56004550F7 /* SnapKit */; };
		ECB950122BA24D88004550F7 /* GoogleService-Info.plist in Resources */ = {isa = PBXBuildFile; fileRef = ECB950112BA24D88004550F7 /* GoogleService-Info.plist */; };
		ECE1A52F2BAE2880006D7388 /* UIView+AddSubviews.swift in Sources */ = {isa = PBXBuildFile; fileRef = ECE1A52E2BAE287F006D7388 /* UIView+AddSubviews.swift */; };
		ECF338142BA882770055994D /* CategoriesModel.swift in Sources */ = {isa = PBXBuildFile; fileRef = ECF338132BA882770055994D /* CategoriesModel.swift */; };
/* End PBXBuildFile section */

/* Begin PBXFileReference section */
		2DCD4BFC2BA7AA55009A5521 /* AppTabBarController.swift */ = {isa = PBXFileReference; lastKnownFileType = sourcecode.swift; path = AppTabBarController.swift; sourceTree = "<group>"; };
		2DCD4BFF2BA7B116009A5521 /* UIColor+hex.swift */ = {isa = PBXFileReference; lastKnownFileType = sourcecode.swift; path = "UIColor+hex.swift"; sourceTree = "<group>"; };
		2DCD4C032BA7B9AD009A5521 /* UIImage+resized.swift */ = {isa = PBXFileReference; lastKnownFileType = sourcecode.swift; path = "UIImage+resized.swift"; sourceTree = "<group>"; };
		2DCD4C062BA7BAD1009A5521 /* AppTabBarItem.swift */ = {isa = PBXFileReference; lastKnownFileType = sourcecode.swift; path = AppTabBarItem.swift; sourceTree = "<group>"; };
		EC2D28662BBCA774005EDB10 /* EventCardViewController.swift */ = {isa = PBXFileReference; lastKnownFileType = sourcecode.swift; path = EventCardViewController.swift; sourceTree = "<group>"; };
		EC3101822BA845BC00EC55D2 /* SearchViewController.swift */ = {isa = PBXFileReference; lastKnownFileType = sourcecode.swift; path = SearchViewController.swift; sourceTree = "<group>"; };
		EC3101842BA8542D00EC55D2 /* CategoriesCollectionViewCell.swift */ = {isa = PBXFileReference; lastKnownFileType = sourcecode.swift; path = CategoriesCollectionViewCell.swift; sourceTree = "<group>"; };
		EC4138502BDC4B05000B0301 /* EventCell.swift */ = {isa = PBXFileReference; lastKnownFileType = sourcecode.swift; path = EventCell.swift; sourceTree = "<group>"; };
		EC43D6DC2BDE610100DADD35 /* NoEventsCell.swift */ = {isa = PBXFileReference; lastKnownFileType = sourcecode.swift; path = NoEventsCell.swift; sourceTree = "<group>"; };
		EC5A9AD52BC1F7000028AB03 /* DetailModel.swift */ = {isa = PBXFileReference; lastKnownFileType = sourcecode.swift; path = DetailModel.swift; sourceTree = "<group>"; };
		EC5B29922BC13E50006BACF7 /* UINavigationBar+CustomBottomLine.swift */ = {isa = PBXFileReference; lastKnownFileType = sourcecode.swift; path = "UINavigationBar+CustomBottomLine.swift"; sourceTree = "<group>"; };
		EC93D2862BB15AFD00633AA0 /* AuthService.swift */ = {isa = PBXFileReference; lastKnownFileType = sourcecode.swift; path = AuthService.swift; sourceTree = "<group>"; };
		EC93D2892BB15C1500633AA0 /* UserModel.swift */ = {isa = PBXFileReference; lastKnownFileType = sourcecode.swift; path = UserModel.swift; sourceTree = "<group>"; };
		ECA12F042BAC9E9900720D1A /* ResetPasswordViewController.swift */ = {isa = PBXFileReference; fileEncoding = 4; lastKnownFileType = sourcecode.swift; path = ResetPasswordViewController.swift; sourceTree = "<group>"; };
		ECA12F052BAC9E9900720D1A /* SignUpViewController.swift */ = {isa = PBXFileReference; fileEncoding = 4; lastKnownFileType = sourcecode.swift; path = SignUpViewController.swift; sourceTree = "<group>"; };
		ECA12F062BAC9E9900720D1A /* LogInViewController.swift */ = {isa = PBXFileReference; fileEncoding = 4; lastKnownFileType = sourcecode.swift; path = LogInViewController.swift; sourceTree = "<group>"; };
		ECACC3CE2BDC2862004D1EEC /* MyActivitiesViewController.swift */ = {isa = PBXFileReference; lastKnownFileType = sourcecode.swift; path = MyActivitiesViewController.swift; sourceTree = "<group>"; };
		ECAEE1B02BC430CE00027EEC /* DetailsItemCell.swift */ = {isa = PBXFileReference; lastKnownFileType = sourcecode.swift; path = DetailsItemCell.swift; sourceTree = "<group>"; };
		ECB3223A2BDD88DF006445AB /* RecommendationCell.swift */ = {isa = PBXFileReference; lastKnownFileType = sourcecode.swift; path = RecommendationCell.swift; sourceTree = "<group>"; };
		ECB3223D2BDD9557006445AB /* HeaderSupplementaryView.swift */ = {isa = PBXFileReference; lastKnownFileType = sourcecode.swift; path = HeaderSupplementaryView.swift; sourceTree = "<group>"; };
		ECB322402BDD999D006445AB /* ListItem.swift */ = {isa = PBXFileReference; lastKnownFileType = sourcecode.swift; path = ListItem.swift; sourceTree = "<group>"; };
		ECB322422BDD99D7006445AB /* ListSection.swift */ = {isa = PBXFileReference; lastKnownFileType = sourcecode.swift; path = ListSection.swift; sourceTree = "<group>"; };
		ECB322442BDD9A2F006445AB /* MockData.swift */ = {isa = PBXFileReference; lastKnownFileType = sourcecode.swift; path = MockData.swift; sourceTree = "<group>"; };
		ECB94FF12BA248E8004550F7 /* EventifyApp.app */ = {isa = PBXFileReference; explicitFileType = wrapper.application; includeInIndex = 0; path = EventifyApp.app; sourceTree = BUILT_PRODUCTS_DIR; };
		ECB94FF42BA248E8004550F7 /* AppDelegate.swift */ = {isa = PBXFileReference; lastKnownFileType = sourcecode.swift; path = AppDelegate.swift; sourceTree = "<group>"; };
		ECB94FF62BA248E8004550F7 /* SceneDelegate.swift */ = {isa = PBXFileReference; lastKnownFileType = sourcecode.swift; path = SceneDelegate.swift; sourceTree = "<group>"; };
		ECB94FF82BA248E8004550F7 /* ViewController.swift */ = {isa = PBXFileReference; lastKnownFileType = sourcecode.swift; path = ViewController.swift; sourceTree = "<group>"; };
		ECB94FFE2BA248E8004550F7 /* EventifyApp.xcdatamodel */ = {isa = PBXFileReference; lastKnownFileType = wrapper.xcdatamodel; path = EventifyApp.xcdatamodel; sourceTree = "<group>"; };
		ECB950002BA248E9004550F7 /* Assets.xcassets */ = {isa = PBXFileReference; lastKnownFileType = folder.assetcatalog; path = Assets.xcassets; sourceTree = "<group>"; };
		ECB950032BA248E9004550F7 /* Base */ = {isa = PBXFileReference; lastKnownFileType = file.storyboard; name = Base; path = Base.lproj/LaunchScreen.storyboard; sourceTree = "<group>"; };
		ECB950052BA248E9004550F7 /* Info.plist */ = {isa = PBXFileReference; lastKnownFileType = text.plist.xml; path = Info.plist; sourceTree = "<group>"; };
		ECB950112BA24D88004550F7 /* GoogleService-Info.plist */ = {isa = PBXFileReference; fileEncoding = 4; lastKnownFileType = text.plist.xml; path = "GoogleService-Info.plist"; sourceTree = "<group>"; };
		ECE1A52E2BAE287F006D7388 /* UIView+AddSubviews.swift */ = {isa = PBXFileReference; lastKnownFileType = sourcecode.swift; path = "UIView+AddSubviews.swift"; sourceTree = "<group>"; };
		ECF338132BA882770055994D /* CategoriesModel.swift */ = {isa = PBXFileReference; lastKnownFileType = sourcecode.swift; path = CategoriesModel.swift; sourceTree = "<group>"; };
/* End PBXFileReference section */

/* Begin PBXFrameworksBuildPhase section */
		ECB94FEE2BA248E8004550F7 /* Frameworks */ = {
			isa = PBXFrameworksBuildPhase;
			buildActionMask = 2147483647;
			files = (
				ECB9500D2BA24A56004550F7 /* SnapKit in Frameworks */,
				EC859D122BB0CDD6003FDF5C /* FirebaseFunctions in Frameworks */,
				EC859D0A2BB0CDD6003FDF5C /* FirebaseAuth in Frameworks */,
				EC859D102BB0CDD6003FDF5C /* FirebaseFirestoreCombine-Community in Frameworks */,
				EC859D0E2BB0CDD6003FDF5C /* FirebaseFirestore in Frameworks */,
				EC859D0C2BB0CDD6003FDF5C /* FirebaseAuthCombine-Community in Frameworks */,
				EC859D142BB0CDD6003FDF5C /* FirebaseFunctionsCombine-Community in Frameworks */,
			);
			runOnlyForDeploymentPostprocessing = 0;
		};
/* End PBXFrameworksBuildPhase section */

/* Begin PBXGroup section */
		2DCD4BFE2BA7B110009A5521 /* Extensions */ = {
			isa = PBXGroup;
			children = (
				2DCD4BFF2BA7B116009A5521 /* UIColor+hex.swift */,
				2DCD4C032BA7B9AD009A5521 /* UIImage+resized.swift */,
				ECE1A52E2BAE287F006D7388 /* UIView+AddSubviews.swift */,
				EC5B29922BC13E50006BACF7 /* UINavigationBar+CustomBottomLine.swift */,
			);
			path = Extensions;
			sourceTree = "<group>";
		};
		2DCD4C052BA7BAB7009A5521 /* AppTabBar */ = {
			isa = PBXGroup;
			children = (
				2DCD4BFC2BA7AA55009A5521 /* AppTabBarController.swift */,
				2DCD4C062BA7BAD1009A5521 /* AppTabBarItem.swift */,
			);
			path = AppTabBar;
			sourceTree = "<group>";
		};
		EC3101812BA845A900EC55D2 /* SearchVC */ = {
			isa = PBXGroup;
			children = (
				EC3101822BA845BC00EC55D2 /* SearchViewController.swift */,
				EC3101842BA8542D00EC55D2 /* CategoriesCollectionViewCell.swift */,
				ECF338132BA882770055994D /* CategoriesModel.swift */,
			);
			path = SearchVC;
			sourceTree = "<group>";
		};
		EC93D2882BB15C0400633AA0 /* Firebase */ = {
			isa = PBXGroup;
			children = (
				EC93D2892BB15C1500633AA0 /* UserModel.swift */,
				EC93D2862BB15AFD00633AA0 /* AuthService.swift */,
			);
			path = Firebase;
			sourceTree = "<group>";
		};
		ECA12F032BAC9E5700720D1A /* Authentication */ = {
			isa = PBXGroup;
			children = (
				EC93D2882BB15C0400633AA0 /* Firebase */,
				ECA12F062BAC9E9900720D1A /* LogInViewController.swift */,
				ECA12F052BAC9E9900720D1A /* SignUpViewController.swift */,
				ECA12F042BAC9E9900720D1A /* ResetPasswordViewController.swift */,
			);
			path = Authentication;
			sourceTree = "<group>";
		};
		ECB3223C2BDD9544006445AB /* Cells */ = {
			isa = PBXGroup;
			children = (
				EC4138502BDC4B05000B0301 /* EventCell.swift */,
				ECB3223A2BDD88DF006445AB /* RecommendationCell.swift */,
				ECB3223D2BDD9557006445AB /* HeaderSupplementaryView.swift */,
				EC43D6DC2BDE610100DADD35 /* NoEventsCell.swift */,
			);
			path = Cells;
			sourceTree = "<group>";
		};
		ECB3223F2BDD998E006445AB /* Model */ = {
			isa = PBXGroup;
			children = (
				ECB322402BDD999D006445AB /* ListItem.swift */,
				ECB322422BDD99D7006445AB /* ListSection.swift */,
				ECB322442BDD9A2F006445AB /* MockData.swift */,
			);
			path = Model;
			sourceTree = "<group>";
		};
		ECB94FE82BA248E8004550F7 = {
			isa = PBXGroup;
			children = (
				ECB94FF32BA248E8004550F7 /* EventifyApp */,
				ECB94FFD2BA248E8004550F7 /* EventifyApp.xcdatamodeld */,
				ECB94FF22BA248E8004550F7 /* Products */,
			);
			sourceTree = "<group>";
		};
		ECB94FF22BA248E8004550F7 /* Products */ = {
			isa = PBXGroup;
			children = (
				ECB94FF12BA248E8004550F7 /* EventifyApp.app */,
			);
			name = Products;
			sourceTree = "<group>";
		};
		ECB94FF32BA248E8004550F7 /* EventifyApp */ = {
			isa = PBXGroup;
			children = (
				ECB950172BA250D0004550F7 /* AppDelegate */,
				2DCD4C052BA7BAB7009A5521 /* AppTabBar */,
				ECA12F032BAC9E5700720D1A /* Authentication */,
				EC3101812BA845A900EC55D2 /* SearchVC */,
				ECD328262BA8CBFB00234FCF /* MyEventsVC */,
				ECB950192BA25110004550F7 /* Home */,
				2DCD4BFE2BA7B110009A5521 /* Extensions */,
				ECB950182BA250E7004550F7 /* Resources */,
				ECB9501A2BA25335004550F7 /* Firebase */,
			);
			path = EventifyApp;
			sourceTree = "<group>";
		};
		ECB950172BA250D0004550F7 /* AppDelegate */ = {
			isa = PBXGroup;
			children = (
				ECB94FF42BA248E8004550F7 /* AppDelegate.swift */,
				ECB94FF62BA248E8004550F7 /* SceneDelegate.swift */,
			);
			path = AppDelegate;
			sourceTree = "<group>";
		};
		ECB950182BA250E7004550F7 /* Resources */ = {
			isa = PBXGroup;
			children = (
				ECB950052BA248E9004550F7 /* Info.plist */,
				ECB950002BA248E9004550F7 /* Assets.xcassets */,
				ECB950022BA248E9004550F7 /* LaunchScreen.storyboard */,
			);
			path = Resources;
			sourceTree = "<group>";
		};
		ECB950192BA25110004550F7 /* Home */ = {
			isa = PBXGroup;
			children = (
				ECB94FF82BA248E8004550F7 /* ViewController.swift */,
			);
			path = Home;
			sourceTree = "<group>";
		};
		ECB9501A2BA25335004550F7 /* Firebase */ = {
			isa = PBXGroup;
			children = (
				ECB950112BA24D88004550F7 /* GoogleService-Info.plist */,
			);
			name = Firebase;
			sourceTree = "<group>";
		};
		ECCFED522BCC627D00F3F419 /* EventCard */ = {
			isa = PBXGroup;
			children = (
				EC2D28662BBCA774005EDB10 /* EventCardViewController.swift */,
				ECAEE1B02BC430CE00027EEC /* DetailsItemCell.swift */,
				EC5A9AD52BC1F7000028AB03 /* DetailModel.swift */,
			);
			path = EventCard;
			sourceTree = "<group>";
		};
		ECD328262BA8CBFB00234FCF /* MyEventsVC */ = {
			isa = PBXGroup;
			children = (
				ECACC3CE2BDC2862004D1EEC /* MyActivitiesViewController.swift */,
				ECB3223F2BDD998E006445AB /* Model */,
				ECB3223C2BDD9544006445AB /* Cells */,
				ECCFED522BCC627D00F3F419 /* EventCard */,
			);
			path = MyEventsVC;
			sourceTree = "<group>";
		};
/* End PBXGroup section */

/* Begin PBXNativeTarget section */
		ECB94FF02BA248E8004550F7 /* EventifyApp */ = {
			isa = PBXNativeTarget;
			buildConfigurationList = ECB950082BA248E9004550F7 /* Build configuration list for PBXNativeTarget "EventifyApp" */;
			buildPhases = (
				ECB94FED2BA248E8004550F7 /* Sources */,
				ECB94FEE2BA248E8004550F7 /* Frameworks */,
				ECB94FEF2BA248E8004550F7 /* Resources */,
				EC1459032BA45A98002D39C2 /* SwiftLint */,
			);
			buildRules = (
			);
			dependencies = (
			);
			name = EventifyApp;
			packageProductDependencies = (
				ECB9500C2BA24A56004550F7 /* SnapKit */,
				EC859D092BB0CDD6003FDF5C /* FirebaseAuth */,
				EC859D0B2BB0CDD6003FDF5C /* FirebaseAuthCombine-Community */,
				EC859D0D2BB0CDD6003FDF5C /* FirebaseFirestore */,
				EC859D0F2BB0CDD6003FDF5C /* FirebaseFirestoreCombine-Community */,
				EC859D112BB0CDD6003FDF5C /* FirebaseFunctions */,
				EC859D132BB0CDD6003FDF5C /* FirebaseFunctionsCombine-Community */,
			);
			productName = EventifyApp;
			productReference = ECB94FF12BA248E8004550F7 /* EventifyApp.app */;
			productType = "com.apple.product-type.application";
		};
/* End PBXNativeTarget section */

/* Begin PBXProject section */
		ECB94FE92BA248E8004550F7 /* Project object */ = {
			isa = PBXProject;
			attributes = {
				BuildIndependentTargetsInParallel = 1;
				LastSwiftUpdateCheck = 1530;
				LastUpgradeCheck = 1530;
				TargetAttributes = {
					ECB94FF02BA248E8004550F7 = {
						CreatedOnToolsVersion = 15.3;
					};
				};
			};
			buildConfigurationList = ECB94FEC2BA248E8004550F7 /* Build configuration list for PBXProject "EventifyApp" */;
			compatibilityVersion = "Xcode 14.0";
			developmentRegion = en;
			hasScannedForEncodings = 0;
			knownRegions = (
				en,
				Base,
			);
			mainGroup = ECB94FE82BA248E8004550F7;
			packageReferences = (
				ECB9500B2BA24A56004550F7 /* XCRemoteSwiftPackageReference "SnapKit" */,
				EC859D082BB0CDD6003FDF5C /* XCRemoteSwiftPackageReference "firebase-ios-sdk" */,
			);
			productRefGroup = ECB94FF22BA248E8004550F7 /* Products */;
			projectDirPath = "";
			projectRoot = "";
			targets = (
				ECB94FF02BA248E8004550F7 /* EventifyApp */,
			);
		};
/* End PBXProject section */

/* Begin PBXResourcesBuildPhase section */
		ECB94FEF2BA248E8004550F7 /* Resources */ = {
			isa = PBXResourcesBuildPhase;
			buildActionMask = 2147483647;
			files = (
				ECB950012BA248E9004550F7 /* Assets.xcassets in Resources */,
				ECB950122BA24D88004550F7 /* GoogleService-Info.plist in Resources */,
				ECB950042BA248E9004550F7 /* Base in Resources */,
			);
			runOnlyForDeploymentPostprocessing = 0;
		};
/* End PBXResourcesBuildPhase section */

/* Begin PBXShellScriptBuildPhase section */
		EC1459032BA45A98002D39C2 /* SwiftLint */ = {
			isa = PBXShellScriptBuildPhase;
			alwaysOutOfDate = 1;
			buildActionMask = 2147483647;
			files = (
			);
			inputFileListPaths = (
			);
			inputPaths = (
			);
			name = SwiftLint;
			outputFileListPaths = (
			);
			outputPaths = (
			);
			runOnlyForDeploymentPostprocessing = 0;
			shellPath = /bin/sh;
			shellScript = "if [[ \"$(uname -m)\" == arm64 ]]; then\n    export PATH=\"/opt/homebrew/bin:$PATH\"\nfi\n\nif which swiftlint > /dev/null; then\n  swiftlint\nelse\n  echo \"warning: SwiftLint not installed, download from https://github.com/realm/SwiftLint\"\nfi\n";
		};
/* End PBXShellScriptBuildPhase section */

/* Begin PBXSourcesBuildPhase section */
		ECB94FED2BA248E8004550F7 /* Sources */ = {
			isa = PBXSourcesBuildPhase;
			buildActionMask = 2147483647;
			files = (
				ECB94FF92BA248E8004550F7 /* ViewController.swift in Sources */,
				ECB94FF52BA248E8004550F7 /* AppDelegate.swift in Sources */,
				2DCD4C072BA7BAD1009A5521 /* AppTabBarItem.swift in Sources */,
				ECA12F072BAC9E9900720D1A /* ResetPasswordViewController.swift in Sources */,
				EC3101832BA845BC00EC55D2 /* SearchViewController.swift in Sources */,
				ECAEE1B12BC430CE00027EEC /* DetailsItemCell.swift in Sources */,
				EC3101852BA8542D00EC55D2 /* CategoriesCollectionViewCell.swift in Sources */,
				2DCD4C042BA7B9AD009A5521 /* UIImage+resized.swift in Sources */,
				ECB94FF72BA248E8004550F7 /* SceneDelegate.swift in Sources */,
				ECACC3CF2BDC2862004D1EEC /* MyActivitiesViewController.swift in Sources */,
				2DCD4C002BA7B116009A5521 /* UIColor+hex.swift in Sources */,
				2DCD4BFD2BA7AA55009A5521 /* AppTabBarController.swift in Sources */,
				ECA12F092BAC9E9900720D1A /* LogInViewController.swift in Sources */,
				EC5B29932BC13E50006BACF7 /* UINavigationBar+CustomBottomLine.swift in Sources */,
				ECB3223B2BDD88DF006445AB /* RecommendationCell.swift in Sources */,
				ECF338142BA882770055994D /* CategoriesModel.swift in Sources */,
				EC5A9AD62BC1F7000028AB03 /* DetailModel.swift in Sources */,
				ECA12F082BAC9E9900720D1A /* SignUpViewController.swift in Sources */,
				EC4138512BDC4B05000B0301 /* EventCell.swift in Sources */,
				ECB94FFF2BA248E8004550F7 /* EventifyApp.xcdatamodeld in Sources */,
				EC43D6DD2BDE610100DADD35 /* NoEventsCell.swift in Sources */,
				ECE1A52F2BAE2880006D7388 /* UIView+AddSubviews.swift in Sources */,
				ECB322412BDD999D006445AB /* ListItem.swift in Sources */,
				EC93D2872BB15AFD00633AA0 /* AuthService.swift in Sources */,
				EC93D28A2BB15C1500633AA0 /* UserModel.swift in Sources */,
				ECB322432BDD99D7006445AB /* ListSection.swift in Sources */,
				EC2D28672BBCA774005EDB10 /* EventCardViewController.swift in Sources */,
				ECB322452BDD9A2F006445AB /* MockData.swift in Sources */,
				ECB3223E2BDD9557006445AB /* HeaderSupplementaryView.swift in Sources */,
			);
			runOnlyForDeploymentPostprocessing = 0;
		};
/* End PBXSourcesBuildPhase section */

/* Begin PBXVariantGroup section */
		ECB950022BA248E9004550F7 /* LaunchScreen.storyboard */ = {
			isa = PBXVariantGroup;
			children = (
				ECB950032BA248E9004550F7 /* Base */,
			);
			name = LaunchScreen.storyboard;
			sourceTree = "<group>";
		};
/* End PBXVariantGroup section */

/* Begin XCBuildConfiguration section */
		ECB950062BA248E9004550F7 /* Debug */ = {
			isa = XCBuildConfiguration;
			buildSettings = {
				ALWAYS_SEARCH_USER_PATHS = NO;
				ASSETCATALOG_COMPILER_GENERATE_SWIFT_ASSET_SYMBOL_EXTENSIONS = YES;
				CLANG_ANALYZER_NONNULL = YES;
				CLANG_ANALYZER_NUMBER_OBJECT_CONVERSION = YES_AGGRESSIVE;
				CLANG_CXX_LANGUAGE_STANDARD = "gnu++20";
				CLANG_ENABLE_MODULES = YES;
				CLANG_ENABLE_OBJC_ARC = YES;
				CLANG_ENABLE_OBJC_WEAK = YES;
				CLANG_WARN_BLOCK_CAPTURE_AUTORELEASING = YES;
				CLANG_WARN_BOOL_CONVERSION = YES;
				CLANG_WARN_COMMA = YES;
				CLANG_WARN_CONSTANT_CONVERSION = YES;
				CLANG_WARN_DEPRECATED_OBJC_IMPLEMENTATIONS = YES;
				CLANG_WARN_DIRECT_OBJC_ISA_USAGE = YES_ERROR;
				CLANG_WARN_DOCUMENTATION_COMMENTS = YES;
				CLANG_WARN_EMPTY_BODY = YES;
				CLANG_WARN_ENUM_CONVERSION = YES;
				CLANG_WARN_INFINITE_RECURSION = YES;
				CLANG_WARN_INT_CONVERSION = YES;
				CLANG_WARN_NON_LITERAL_NULL_CONVERSION = YES;
				CLANG_WARN_OBJC_IMPLICIT_RETAIN_SELF = YES;
				CLANG_WARN_OBJC_LITERAL_CONVERSION = YES;
				CLANG_WARN_OBJC_ROOT_CLASS = YES_ERROR;
				CLANG_WARN_QUOTED_INCLUDE_IN_FRAMEWORK_HEADER = YES;
				CLANG_WARN_RANGE_LOOP_ANALYSIS = YES;
				CLANG_WARN_STRICT_PROTOTYPES = YES;
				CLANG_WARN_SUSPICIOUS_MOVE = YES;
				CLANG_WARN_UNGUARDED_AVAILABILITY = YES_AGGRESSIVE;
				CLANG_WARN_UNREACHABLE_CODE = YES;
				CLANG_WARN__DUPLICATE_METHOD_MATCH = YES;
				COPY_PHASE_STRIP = NO;
				DEBUG_INFORMATION_FORMAT = dwarf;
				ENABLE_STRICT_OBJC_MSGSEND = YES;
				ENABLE_TESTABILITY = YES;
				ENABLE_USER_SCRIPT_SANDBOXING = YES;
				GCC_C_LANGUAGE_STANDARD = gnu17;
				GCC_DYNAMIC_NO_PIC = NO;
				GCC_NO_COMMON_BLOCKS = YES;
				GCC_OPTIMIZATION_LEVEL = 0;
				GCC_PREPROCESSOR_DEFINITIONS = (
					"DEBUG=1",
					"$(inherited)",
				);
				GCC_WARN_64_TO_32_BIT_CONVERSION = YES;
				GCC_WARN_ABOUT_RETURN_TYPE = YES_ERROR;
				GCC_WARN_UNDECLARED_SELECTOR = YES;
				GCC_WARN_UNINITIALIZED_AUTOS = YES_AGGRESSIVE;
				GCC_WARN_UNUSED_FUNCTION = YES;
				GCC_WARN_UNUSED_VARIABLE = YES;
				IPHONEOS_DEPLOYMENT_TARGET = 17.4;
				LOCALIZATION_PREFERS_STRING_CATALOGS = YES;
				MTL_ENABLE_DEBUG_INFO = INCLUDE_SOURCE;
				MTL_FAST_MATH = YES;
				ONLY_ACTIVE_ARCH = YES;
				SDKROOT = iphoneos;
				SWIFT_ACTIVE_COMPILATION_CONDITIONS = "DEBUG $(inherited)";
				SWIFT_OPTIMIZATION_LEVEL = "-Onone";
			};
			name = Debug;
		};
		ECB950072BA248E9004550F7 /* Release */ = {
			isa = XCBuildConfiguration;
			buildSettings = {
				ALWAYS_SEARCH_USER_PATHS = NO;
				ASSETCATALOG_COMPILER_GENERATE_SWIFT_ASSET_SYMBOL_EXTENSIONS = YES;
				CLANG_ANALYZER_NONNULL = YES;
				CLANG_ANALYZER_NUMBER_OBJECT_CONVERSION = YES_AGGRESSIVE;
				CLANG_CXX_LANGUAGE_STANDARD = "gnu++20";
				CLANG_ENABLE_MODULES = YES;
				CLANG_ENABLE_OBJC_ARC = YES;
				CLANG_ENABLE_OBJC_WEAK = YES;
				CLANG_WARN_BLOCK_CAPTURE_AUTORELEASING = YES;
				CLANG_WARN_BOOL_CONVERSION = YES;
				CLANG_WARN_COMMA = YES;
				CLANG_WARN_CONSTANT_CONVERSION = YES;
				CLANG_WARN_DEPRECATED_OBJC_IMPLEMENTATIONS = YES;
				CLANG_WARN_DIRECT_OBJC_ISA_USAGE = YES_ERROR;
				CLANG_WARN_DOCUMENTATION_COMMENTS = YES;
				CLANG_WARN_EMPTY_BODY = YES;
				CLANG_WARN_ENUM_CONVERSION = YES;
				CLANG_WARN_INFINITE_RECURSION = YES;
				CLANG_WARN_INT_CONVERSION = YES;
				CLANG_WARN_NON_LITERAL_NULL_CONVERSION = YES;
				CLANG_WARN_OBJC_IMPLICIT_RETAIN_SELF = YES;
				CLANG_WARN_OBJC_LITERAL_CONVERSION = YES;
				CLANG_WARN_OBJC_ROOT_CLASS = YES_ERROR;
				CLANG_WARN_QUOTED_INCLUDE_IN_FRAMEWORK_HEADER = YES;
				CLANG_WARN_RANGE_LOOP_ANALYSIS = YES;
				CLANG_WARN_STRICT_PROTOTYPES = YES;
				CLANG_WARN_SUSPICIOUS_MOVE = YES;
				CLANG_WARN_UNGUARDED_AVAILABILITY = YES_AGGRESSIVE;
				CLANG_WARN_UNREACHABLE_CODE = YES;
				CLANG_WARN__DUPLICATE_METHOD_MATCH = YES;
				COPY_PHASE_STRIP = NO;
				DEBUG_INFORMATION_FORMAT = "dwarf-with-dsym";
				ENABLE_NS_ASSERTIONS = NO;
				ENABLE_STRICT_OBJC_MSGSEND = YES;
				ENABLE_USER_SCRIPT_SANDBOXING = YES;
				GCC_C_LANGUAGE_STANDARD = gnu17;
				GCC_NO_COMMON_BLOCKS = YES;
				GCC_WARN_64_TO_32_BIT_CONVERSION = YES;
				GCC_WARN_ABOUT_RETURN_TYPE = YES_ERROR;
				GCC_WARN_UNDECLARED_SELECTOR = YES;
				GCC_WARN_UNINITIALIZED_AUTOS = YES_AGGRESSIVE;
				GCC_WARN_UNUSED_FUNCTION = YES;
				GCC_WARN_UNUSED_VARIABLE = YES;
				IPHONEOS_DEPLOYMENT_TARGET = 17.4;
				LOCALIZATION_PREFERS_STRING_CATALOGS = YES;
				MTL_ENABLE_DEBUG_INFO = NO;
				MTL_FAST_MATH = YES;
				SDKROOT = iphoneos;
				SWIFT_COMPILATION_MODE = wholemodule;
				VALIDATE_PRODUCT = YES;
			};
			name = Release;
		};
		ECB950092BA248E9004550F7 /* Debug */ = {
			isa = XCBuildConfiguration;
			buildSettings = {
				ASSETCATALOG_COMPILER_APPICON_NAME = AppIcon;
				ASSETCATALOG_COMPILER_GLOBAL_ACCENT_COLOR_NAME = AccentColor;
				CODE_SIGN_STYLE = Automatic;
				CURRENT_PROJECT_VERSION = 1;
				DEVELOPMENT_TEAM = X6KB2A8YM9;
				ENABLE_USER_SCRIPT_SANDBOXING = NO;
				GENERATE_INFOPLIST_FILE = YES;
				INFOPLIST_FILE = EventifyApp/Resources/Info.plist;
				INFOPLIST_KEY_CFBundleDisplayName = Eventify;
				INFOPLIST_KEY_UIApplicationSupportsIndirectInputEvents = YES;
				INFOPLIST_KEY_UILaunchStoryboardName = LaunchScreen;
				INFOPLIST_KEY_UISupportedInterfaceOrientations = UIInterfaceOrientationPortrait;
				INFOPLIST_KEY_UISupportedInterfaceOrientations_iPad = "UIInterfaceOrientationLandscapeLeft UIInterfaceOrientationLandscapeRight UIInterfaceOrientationPortrait UIInterfaceOrientationPortraitUpsideDown";
				IPHONEOS_DEPLOYMENT_TARGET = 15.0;
				LD_RUNPATH_SEARCH_PATHS = (
					"$(inherited)",
					"@executable_path/Frameworks",
				);
				MARKETING_VERSION = 1.0;
				PRODUCT_BUNDLE_IDENTIFIER = io.raynelz.EventifyApp;
				PRODUCT_NAME = "$(TARGET_NAME)";
				SUPPORTED_PLATFORMS = "iphoneos iphonesimulator";
				SUPPORTS_MACCATALYST = NO;
				SUPPORTS_MAC_DESIGNED_FOR_IPHONE_IPAD = NO;
				SUPPORTS_XR_DESIGNED_FOR_IPHONE_IPAD = NO;
				SWIFT_EMIT_LOC_STRINGS = YES;
				SWIFT_VERSION = 5.0;
				TARGETED_DEVICE_FAMILY = 1;
			};
			name = Debug;
		};
		ECB9500A2BA248E9004550F7 /* Release */ = {
			isa = XCBuildConfiguration;
			buildSettings = {
				ASSETCATALOG_COMPILER_APPICON_NAME = AppIcon;
				ASSETCATALOG_COMPILER_GLOBAL_ACCENT_COLOR_NAME = AccentColor;
				CODE_SIGN_STYLE = Automatic;
				CURRENT_PROJECT_VERSION = 1;
				DEVELOPMENT_TEAM = X6KB2A8YM9;
				ENABLE_USER_SCRIPT_SANDBOXING = NO;
				GENERATE_INFOPLIST_FILE = YES;
				INFOPLIST_FILE = EventifyApp/Resources/Info.plist;
				INFOPLIST_KEY_CFBundleDisplayName = Eventify;
				INFOPLIST_KEY_UIApplicationSupportsIndirectInputEvents = YES;
				INFOPLIST_KEY_UILaunchStoryboardName = LaunchScreen;
				INFOPLIST_KEY_UISupportedInterfaceOrientations = UIInterfaceOrientationPortrait;
				INFOPLIST_KEY_UISupportedInterfaceOrientations_iPad = "UIInterfaceOrientationLandscapeLeft UIInterfaceOrientationLandscapeRight UIInterfaceOrientationPortrait UIInterfaceOrientationPortraitUpsideDown";
				IPHONEOS_DEPLOYMENT_TARGET = 15.0;
				LD_RUNPATH_SEARCH_PATHS = (
					"$(inherited)",
					"@executable_path/Frameworks",
				);
				MARKETING_VERSION = 1.0;
				PRODUCT_BUNDLE_IDENTIFIER = io.raynelz.EventifyApp;
				PRODUCT_NAME = "$(TARGET_NAME)";
				SUPPORTED_PLATFORMS = "iphoneos iphonesimulator";
				SUPPORTS_MACCATALYST = NO;
				SUPPORTS_MAC_DESIGNED_FOR_IPHONE_IPAD = NO;
				SUPPORTS_XR_DESIGNED_FOR_IPHONE_IPAD = NO;
				SWIFT_EMIT_LOC_STRINGS = YES;
				SWIFT_VERSION = 5.0;
				TARGETED_DEVICE_FAMILY = 1;
			};
			name = Release;
		};
/* End XCBuildConfiguration section */

/* Begin XCConfigurationList section */
		ECB94FEC2BA248E8004550F7 /* Build configuration list for PBXProject "EventifyApp" */ = {
			isa = XCConfigurationList;
			buildConfigurations = (
				ECB950062BA248E9004550F7 /* Debug */,
				ECB950072BA248E9004550F7 /* Release */,
			);
			defaultConfigurationIsVisible = 0;
			defaultConfigurationName = Release;
		};
		ECB950082BA248E9004550F7 /* Build configuration list for PBXNativeTarget "EventifyApp" */ = {
			isa = XCConfigurationList;
			buildConfigurations = (
				ECB950092BA248E9004550F7 /* Debug */,
				ECB9500A2BA248E9004550F7 /* Release */,
			);
			defaultConfigurationIsVisible = 0;
			defaultConfigurationName = Release;
		};
/* End XCConfigurationList section */

/* Begin XCRemoteSwiftPackageReference section */
		EC859D082BB0CDD6003FDF5C /* XCRemoteSwiftPackageReference "firebase-ios-sdk" */ = {
			isa = XCRemoteSwiftPackageReference;
			repositoryURL = "https://github.com/firebase/firebase-ios-sdk";
			requirement = {
				kind = upToNextMajorVersion;
				minimumVersion = 10.23.0;
			};
		};
		ECB9500B2BA24A56004550F7 /* XCRemoteSwiftPackageReference "SnapKit" */ = {
			isa = XCRemoteSwiftPackageReference;
			repositoryURL = "https://github.com/SnapKit/SnapKit.git";
			requirement = {
				kind = upToNextMajorVersion;
				minimumVersion = 5.7.1;
			};
		};
/* End XCRemoteSwiftPackageReference section */

/* Begin XCSwiftPackageProductDependency section */
		EC859D092BB0CDD6003FDF5C /* FirebaseAuth */ = {
			isa = XCSwiftPackageProductDependency;
			package = EC859D082BB0CDD6003FDF5C /* XCRemoteSwiftPackageReference "firebase-ios-sdk" */;
			productName = FirebaseAuth;
		};
		EC859D0B2BB0CDD6003FDF5C /* FirebaseAuthCombine-Community */ = {
			isa = XCSwiftPackageProductDependency;
			package = EC859D082BB0CDD6003FDF5C /* XCRemoteSwiftPackageReference "firebase-ios-sdk" */;
			productName = "FirebaseAuthCombine-Community";
		};
		EC859D0D2BB0CDD6003FDF5C /* FirebaseFirestore */ = {
			isa = XCSwiftPackageProductDependency;
			package = EC859D082BB0CDD6003FDF5C /* XCRemoteSwiftPackageReference "firebase-ios-sdk" */;
			productName = FirebaseFirestore;
		};
		EC859D0F2BB0CDD6003FDF5C /* FirebaseFirestoreCombine-Community */ = {
			isa = XCSwiftPackageProductDependency;
			package = EC859D082BB0CDD6003FDF5C /* XCRemoteSwiftPackageReference "firebase-ios-sdk" */;
			productName = "FirebaseFirestoreCombine-Community";
		};
		EC859D112BB0CDD6003FDF5C /* FirebaseFunctions */ = {
			isa = XCSwiftPackageProductDependency;
			package = EC859D082BB0CDD6003FDF5C /* XCRemoteSwiftPackageReference "firebase-ios-sdk" */;
			productName = FirebaseFunctions;
		};
		EC859D132BB0CDD6003FDF5C /* FirebaseFunctionsCombine-Community */ = {
			isa = XCSwiftPackageProductDependency;
			package = EC859D082BB0CDD6003FDF5C /* XCRemoteSwiftPackageReference "firebase-ios-sdk" */;
			productName = "FirebaseFunctionsCombine-Community";
		};
		ECB9500C2BA24A56004550F7 /* SnapKit */ = {
			isa = XCSwiftPackageProductDependency;
			package = ECB9500B2BA24A56004550F7 /* XCRemoteSwiftPackageReference "SnapKit" */;
			productName = SnapKit;
		};
/* End XCSwiftPackageProductDependency section */

/* Begin XCVersionGroup section */
		ECB94FFD2BA248E8004550F7 /* EventifyApp.xcdatamodeld */ = {
			isa = XCVersionGroup;
			children = (
				ECB94FFE2BA248E8004550F7 /* EventifyApp.xcdatamodel */,
			);
			currentVersion = ECB94FFE2BA248E8004550F7 /* EventifyApp.xcdatamodel */;
			path = EventifyApp.xcdatamodeld;
			sourceTree = "<group>";
			versionGroupType = wrapper.xcdatamodel;
		};
/* End XCVersionGroup section */
	};
	rootObject = ECB94FE92BA248E8004550F7 /* Project object */;
}
